// !$*UTF8*$!
{
	archiveVersion = 1;
	classes = {
	};
	objectVersion = 56;
	objects = {

/* Begin PBXBuildFile section */
		043CFD7A2B8391C100AEFAA4 /* DrawBatikApp.swift in Sources */ = {isa = PBXBuildFile; fileRef = 043CFD792B8391C100AEFAA4 /* DrawBatikApp.swift */; };
		043CFD7C2B8391C100AEFAA4 /* ContentView.swift in Sources */ = {isa = PBXBuildFile; fileRef = 043CFD7B2B8391C100AEFAA4 /* ContentView.swift */; };
		043CFD7E2B8391C300AEFAA4 /* Assets.xcassets in Resources */ = {isa = PBXBuildFile; fileRef = 043CFD7D2B8391C300AEFAA4 /* Assets.xcassets */; };
		043CFD812B8391C300AEFAA4 /* Preview Assets.xcassets in Resources */ = {isa = PBXBuildFile; fileRef = 043CFD802B8391C300AEFAA4 /* Preview Assets.xcassets */; };
		043CFD992B8394F900AEFAA4 /* ColorPickerView.swift in Sources */ = {isa = PBXBuildFile; fileRef = 043CFD982B8394F900AEFAA4 /* ColorPickerView.swift */; };
		043CFD9B2B83950800AEFAA4 /* Constants.swift in Sources */ = {isa = PBXBuildFile; fileRef = 043CFD9A2B83950800AEFAA4 /* Constants.swift */; };
		0460AEDB2B8465DD00D9B183 /* DrawMain.swift in Sources */ = {isa = PBXBuildFile; fileRef = 0460AEDA2B8465DD00D9B183 /* DrawMain.swift */; };
		0460AEE02B84690100D9B183 /* landmarkData.json in Resources */ = {isa = PBXBuildFile; fileRef = 0460AEDE2B84690100D9B183 /* landmarkData.json */; };
		0460AEE82B84691800D9B183 /* ModelData.swift in Sources */ = {isa = PBXBuildFile; fileRef = 0460AEE42B84691800D9B183 /* ModelData.swift */; };
		0460AEE92B84691800D9B183 /* Landmark.swift in Sources */ = {isa = PBXBuildFile; fileRef = 0460AEE52B84691800D9B183 /* Landmark.swift */; };
		0460AEEF2B84692B00D9B183 /* CircleImage.swift in Sources */ = {isa = PBXBuildFile; fileRef = 0460AEEC2B84692B00D9B183 /* CircleImage.swift */; };
		0460AEF02B84692B00D9B183 /* FavoriteButton.swift in Sources */ = {isa = PBXBuildFile; fileRef = 0460AEED2B84692B00D9B183 /* FavoriteButton.swift */; };
		0460AEF52B84693300D9B183 /* LandmarkList.swift in Sources */ = {isa = PBXBuildFile; fileRef = 0460AEF22B84693300D9B183 /* LandmarkList.swift */; };
		0460AEF62B84693300D9B183 /* LandmarkDetail.swift in Sources */ = {isa = PBXBuildFile; fileRef = 0460AEF32B84693300D9B183 /* LandmarkDetail.swift */; };
		0460AEF72B84693300D9B183 /* LandmarkRow.swift in Sources */ = {isa = PBXBuildFile; fileRef = 0460AEF42B84693300D9B183 /* LandmarkRow.swift */; };
		0460AEFD2B84693B00D9B183 /* FeatureCard.swift in Sources */ = {isa = PBXBuildFile; fileRef = 0460AEF92B84693B00D9B183 /* FeatureCard.swift */; };
		0460AF0D2B84694700D9B183 /* CategoryHome.swift in Sources */ = {isa = PBXBuildFile; fileRef = 0460AF0A2B84694700D9B183 /* CategoryHome.swift */; };
		0460AF262B846A2B00D9B183 /* HomeScreen.swift in Sources */ = {isa = PBXBuildFile; fileRef = 0460AF252B846A2B00D9B183 /* HomeScreen.swift */; };
		04B661632B85AFB300DB4608 /* batikData.json in Resources */ = {isa = PBXBuildFile; fileRef = 04B661622B85AFB300DB4608 /* batikData.json */; };
		04B661652B85B1A900DB4608 /* Batik.swift in Sources */ = {isa = PBXBuildFile; fileRef = 04B661642B85B1A900DB4608 /* Batik.swift */; };
		04B661672B85B4AE00DB4608 /* BatikCard.swift in Sources */ = {isa = PBXBuildFile; fileRef = 04B661662B85B4AE00DB4608 /* BatikCard.swift */; };
		04B6616A2B85B84900DB4608 /* BatikList.swift in Sources */ = {isa = PBXBuildFile; fileRef = 04B661692B85B84900DB4608 /* BatikList.swift */; };
		04B6616C2B85B85B00DB4608 /* BatikRow.swift in Sources */ = {isa = PBXBuildFile; fileRef = 04B6616B2B85B85B00DB4608 /* BatikRow.swift */; };
		04B6616E2B85B9C000DB4608 /* BatikDetail.swift in Sources */ = {isa = PBXBuildFile; fileRef = 04B6616D2B85B9C000DB4608 /* BatikDetail.swift */; };
/* End PBXBuildFile section */

/* Begin PBXFileReference section */
		043CFD762B8391C100AEFAA4 /* DrawBatik.app */ = {isa = PBXFileReference; explicitFileType = wrapper.application; includeInIndex = 0; path = DrawBatik.app; sourceTree = BUILT_PRODUCTS_DIR; };
		043CFD792B8391C100AEFAA4 /* DrawBatikApp.swift */ = {isa = PBXFileReference; lastKnownFileType = sourcecode.swift; path = DrawBatikApp.swift; sourceTree = "<group>"; };
		043CFD7B2B8391C100AEFAA4 /* ContentView.swift */ = {isa = PBXFileReference; lastKnownFileType = sourcecode.swift; path = ContentView.swift; sourceTree = "<group>"; };
		043CFD7D2B8391C300AEFAA4 /* Assets.xcassets */ = {isa = PBXFileReference; lastKnownFileType = folder.assetcatalog; path = Assets.xcassets; sourceTree = "<group>"; };
		043CFD802B8391C300AEFAA4 /* Preview Assets.xcassets */ = {isa = PBXFileReference; lastKnownFileType = folder.assetcatalog; path = "Preview Assets.xcassets"; sourceTree = "<group>"; };
		043CFD982B8394F900AEFAA4 /* ColorPickerView.swift */ = {isa = PBXFileReference; lastKnownFileType = sourcecode.swift; path = ColorPickerView.swift; sourceTree = "<group>"; };
		043CFD9A2B83950800AEFAA4 /* Constants.swift */ = {isa = PBXFileReference; lastKnownFileType = sourcecode.swift; path = Constants.swift; sourceTree = "<group>"; };
		0460AEDA2B8465DD00D9B183 /* DrawMain.swift */ = {isa = PBXFileReference; lastKnownFileType = sourcecode.swift; path = DrawMain.swift; sourceTree = "<group>"; };
		0460AEDE2B84690100D9B183 /* landmarkData.json */ = {isa = PBXFileReference; fileEncoding = 4; lastKnownFileType = text.json; path = landmarkData.json; sourceTree = "<group>"; };
		0460AEE42B84691800D9B183 /* ModelData.swift */ = {isa = PBXFileReference; fileEncoding = 4; lastKnownFileType = sourcecode.swift; path = ModelData.swift; sourceTree = "<group>"; };
		0460AEE52B84691800D9B183 /* Landmark.swift */ = {isa = PBXFileReference; fileEncoding = 4; lastKnownFileType = sourcecode.swift; path = Landmark.swift; sourceTree = "<group>"; };
		0460AEEC2B84692B00D9B183 /* CircleImage.swift */ = {isa = PBXFileReference; fileEncoding = 4; lastKnownFileType = sourcecode.swift; path = CircleImage.swift; sourceTree = "<group>"; };
		0460AEED2B84692B00D9B183 /* FavoriteButton.swift */ = {isa = PBXFileReference; fileEncoding = 4; lastKnownFileType = sourcecode.swift; path = FavoriteButton.swift; sourceTree = "<group>"; };
		0460AEF22B84693300D9B183 /* LandmarkList.swift */ = {isa = PBXFileReference; fileEncoding = 4; lastKnownFileType = sourcecode.swift; path = LandmarkList.swift; sourceTree = "<group>"; };
		0460AEF32B84693300D9B183 /* LandmarkDetail.swift */ = {isa = PBXFileReference; fileEncoding = 4; lastKnownFileType = sourcecode.swift; path = LandmarkDetail.swift; sourceTree = "<group>"; };
		0460AEF42B84693300D9B183 /* LandmarkRow.swift */ = {isa = PBXFileReference; fileEncoding = 4; lastKnownFileType = sourcecode.swift; path = LandmarkRow.swift; sourceTree = "<group>"; };
		0460AEF92B84693B00D9B183 /* FeatureCard.swift */ = {isa = PBXFileReference; fileEncoding = 4; lastKnownFileType = sourcecode.swift; path = FeatureCard.swift; sourceTree = "<group>"; };
		0460AF0A2B84694700D9B183 /* CategoryHome.swift */ = {isa = PBXFileReference; fileEncoding = 4; lastKnownFileType = sourcecode.swift; path = CategoryHome.swift; sourceTree = "<group>"; };
		0460AF252B846A2B00D9B183 /* HomeScreen.swift */ = {isa = PBXFileReference; lastKnownFileType = sourcecode.swift; path = HomeScreen.swift; sourceTree = "<group>"; };
		04B661622B85AFB300DB4608 /* batikData.json */ = {isa = PBXFileReference; fileEncoding = 4; lastKnownFileType = text.json; path = batikData.json; sourceTree = "<group>"; };
		04B661642B85B1A900DB4608 /* Batik.swift */ = {isa = PBXFileReference; fileEncoding = 4; lastKnownFileType = sourcecode.swift; path = Batik.swift; sourceTree = "<group>"; };
		04B661662B85B4AE00DB4608 /* BatikCard.swift */ = {isa = PBXFileReference; lastKnownFileType = sourcecode.swift; path = BatikCard.swift; sourceTree = "<group>"; };
		04B661692B85B84900DB4608 /* BatikList.swift */ = {isa = PBXFileReference; lastKnownFileType = sourcecode.swift; path = BatikList.swift; sourceTree = "<group>"; };
		04B6616B2B85B85B00DB4608 /* BatikRow.swift */ = {isa = PBXFileReference; lastKnownFileType = sourcecode.swift; path = BatikRow.swift; sourceTree = "<group>"; };
		04B6616D2B85B9C000DB4608 /* BatikDetail.swift */ = {isa = PBXFileReference; lastKnownFileType = sourcecode.swift; path = BatikDetail.swift; sourceTree = "<group>"; };
/* End PBXFileReference section */

/* Begin PBXFrameworksBuildPhase section */
		043CFD732B8391C100AEFAA4 /* Frameworks */ = {
			isa = PBXFrameworksBuildPhase;
			buildActionMask = 2147483647;
			files = (
			);
			runOnlyForDeploymentPostprocessing = 0;
		};
/* End PBXFrameworksBuildPhase section */

/* Begin PBXGroup section */
		043CFD6D2B8391C100AEFAA4 = {
			isa = PBXGroup;
			children = (
				043CFD782B8391C100AEFAA4 /* DrawBatik */,
				043CFD772B8391C100AEFAA4 /* Products */,
			);
			sourceTree = "<group>";
		};
		043CFD772B8391C100AEFAA4 /* Products */ = {
			isa = PBXGroup;
			children = (
				043CFD762B8391C100AEFAA4 /* DrawBatik.app */,
			);
			name = Products;
			sourceTree = "<group>";
		};
		043CFD782B8391C100AEFAA4 /* DrawBatik */ = {
			isa = PBXGroup;
			children = (
				043CFD792B8391C100AEFAA4 /* DrawBatikApp.swift */,
				04B661682B85B83900DB4608 /* Batiks */,
				0460AF272B8471CA00D9B183 /* Draw */,
				0460AF082B84694700D9B183 /* Categories */,
				0460AEF12B84693300D9B183 /* Landmarks */,
				0460AEEA2B84692B00D9B183 /* Helper */,
				0460AEE12B84691800D9B183 /* Model */,
				0460AEDC2B84690100D9B183 /* Resources */,
				043CFD892B83938A00AEFAA4 /* Views */,
				043CFD7D2B8391C300AEFAA4 /* Assets.xcassets */,
				043CFD7F2B8391C300AEFAA4 /* Preview Content */,
			);
			path = DrawBatik;
			sourceTree = "<group>";
		};
		043CFD7F2B8391C300AEFAA4 /* Preview Content */ = {
			isa = PBXGroup;
			children = (
				043CFD802B8391C300AEFAA4 /* Preview Assets.xcassets */,
			);
			path = "Preview Content";
			sourceTree = "<group>";
		};
		043CFD892B83938A00AEFAA4 /* Views */ = {
			isa = PBXGroup;
			children = (
				043CFD7B2B8391C100AEFAA4 /* ContentView.swift */,
				0460AF252B846A2B00D9B183 /* HomeScreen.swift */,
			);
			path = Views;
			sourceTree = "<group>";
		};
		0460AEDC2B84690100D9B183 /* Resources */ = {
			isa = PBXGroup;
			children = (
				04B661622B85AFB300DB4608 /* batikData.json */,
				0460AEDE2B84690100D9B183 /* landmarkData.json */,
			);
			path = Resources;
			sourceTree = "<group>";
		};
		0460AEE12B84691800D9B183 /* Model */ = {
			isa = PBXGroup;
			children = (
				04B661642B85B1A900DB4608 /* Batik.swift */,
				0460AEE42B84691800D9B183 /* ModelData.swift */,
				0460AEE52B84691800D9B183 /* Landmark.swift */,
			);
			path = Model;
			sourceTree = "<group>";
		};
		0460AEEA2B84692B00D9B183 /* Helper */ = {
			isa = PBXGroup;
			children = (
				0460AEEC2B84692B00D9B183 /* CircleImage.swift */,
				0460AEED2B84692B00D9B183 /* FavoriteButton.swift */,
			);
			path = Helper;
			sourceTree = "<group>";
		};
		0460AEF12B84693300D9B183 /* Landmarks */ = {
			isa = PBXGroup;
			children = (
				0460AEF22B84693300D9B183 /* LandmarkList.swift */,
				0460AEF32B84693300D9B183 /* LandmarkDetail.swift */,
				0460AEF42B84693300D9B183 /* LandmarkRow.swift */,
			);
			path = Landmarks;
			sourceTree = "<group>";
		};
		0460AF082B84694700D9B183 /* Categories */ = {
			isa = PBXGroup;
			children = (
				0460AEF92B84693B00D9B183 /* FeatureCard.swift */,
				0460AF0A2B84694700D9B183 /* CategoryHome.swift */,
				04B661662B85B4AE00DB4608 /* BatikCard.swift */,
			);
			path = Categories;
			sourceTree = "<group>";
		};
		0460AF272B8471CA00D9B183 /* Draw */ = {
			isa = PBXGroup;
			children = (
				043CFD982B8394F900AEFAA4 /* ColorPickerView.swift */,
				043CFD9A2B83950800AEFAA4 /* Constants.swift */,
				0460AEDA2B8465DD00D9B183 /* DrawMain.swift */,
			);
			path = Draw;
			sourceTree = "<group>";
		};
		04B661682B85B83900DB4608 /* Batiks */ = {
			isa = PBXGroup;
			children = (
				04B661692B85B84900DB4608 /* BatikList.swift */,
				04B6616B2B85B85B00DB4608 /* BatikRow.swift */,
				04B6616D2B85B9C000DB4608 /* BatikDetail.swift */,
			);
			path = Batiks;
			sourceTree = "<group>";
		};
/* End PBXGroup section */

/* Begin PBXNativeTarget section */
		043CFD752B8391C100AEFAA4 /* DrawBatik */ = {
			isa = PBXNativeTarget;
			buildConfigurationList = 043CFD842B8391C300AEFAA4 /* Build configuration list for PBXNativeTarget "DrawBatik" */;
			buildPhases = (
				043CFD722B8391C100AEFAA4 /* Sources */,
				043CFD732B8391C100AEFAA4 /* Frameworks */,
				043CFD742B8391C100AEFAA4 /* Resources */,
			);
			buildRules = (
			);
			dependencies = (
			);
			name = DrawBatik;
			productName = DrawBatik;
			productReference = 043CFD762B8391C100AEFAA4 /* DrawBatik.app */;
			productType = "com.apple.product-type.application";
		};
/* End PBXNativeTarget section */

/* Begin PBXProject section */
		043CFD6E2B8391C100AEFAA4 /* Project object */ = {
			isa = PBXProject;
			attributes = {
				BuildIndependentTargetsInParallel = 1;
				LastSwiftUpdateCheck = 1520;
				LastUpgradeCheck = 1520;
				TargetAttributes = {
					043CFD752B8391C100AEFAA4 = {
						CreatedOnToolsVersion = 15.2;
					};
				};
			};
			buildConfigurationList = 043CFD712B8391C100AEFAA4 /* Build configuration list for PBXProject "DrawBatik" */;
			compatibilityVersion = "Xcode 14.0";
			developmentRegion = en;
			hasScannedForEncodings = 0;
			knownRegions = (
				en,
				Base,
			);
			mainGroup = 043CFD6D2B8391C100AEFAA4;
			productRefGroup = 043CFD772B8391C100AEFAA4 /* Products */;
			projectDirPath = "";
			projectRoot = "";
			targets = (
				043CFD752B8391C100AEFAA4 /* DrawBatik */,
			);
		};
/* End PBXProject section */

/* Begin PBXResourcesBuildPhase section */
		043CFD742B8391C100AEFAA4 /* Resources */ = {
			isa = PBXResourcesBuildPhase;
			buildActionMask = 2147483647;
			files = (
				043CFD812B8391C300AEFAA4 /* Preview Assets.xcassets in Resources */,
				0460AEE02B84690100D9B183 /* landmarkData.json in Resources */,
				043CFD7E2B8391C300AEFAA4 /* Assets.xcassets in Resources */,
				04B661632B85AFB300DB4608 /* batikData.json in Resources */,
			);
			runOnlyForDeploymentPostprocessing = 0;
		};
/* End PBXResourcesBuildPhase section */

/* Begin PBXSourcesBuildPhase section */
		043CFD722B8391C100AEFAA4 /* Sources */ = {
			isa = PBXSourcesBuildPhase;
			buildActionMask = 2147483647;
			files = (
				04B6616C2B85B85B00DB4608 /* BatikRow.swift in Sources */,
				043CFD992B8394F900AEFAA4 /* ColorPickerView.swift in Sources */,
				04B6616E2B85B9C000DB4608 /* BatikDetail.swift in Sources */,
				04B661652B85B1A900DB4608 /* Batik.swift in Sources */,
				0460AEFD2B84693B00D9B183 /* FeatureCard.swift in Sources */,
				0460AF0D2B84694700D9B183 /* CategoryHome.swift in Sources */,
				043CFD7C2B8391C100AEFAA4 /* ContentView.swift in Sources */,
				0460AEF02B84692B00D9B183 /* FavoriteButton.swift in Sources */,
				0460AEF52B84693300D9B183 /* LandmarkList.swift in Sources */,
				0460AEF62B84693300D9B183 /* LandmarkDetail.swift in Sources */,
				043CFD7A2B8391C100AEFAA4 /* DrawBatikApp.swift in Sources */,
				0460AEF72B84693300D9B183 /* LandmarkRow.swift in Sources */,
				0460AEE92B84691800D9B183 /* Landmark.swift in Sources */,
				0460AEE82B84691800D9B183 /* ModelData.swift in Sources */,
				04B661672B85B4AE00DB4608 /* BatikCard.swift in Sources */,
				0460AEEF2B84692B00D9B183 /* CircleImage.swift in Sources */,
				0460AEDB2B8465DD00D9B183 /* DrawMain.swift in Sources */,
				0460AF262B846A2B00D9B183 /* HomeScreen.swift in Sources */,
				043CFD9B2B83950800AEFAA4 /* Constants.swift in Sources */,
				04B6616A2B85B84900DB4608 /* BatikList.swift in Sources */,
			);
			runOnlyForDeploymentPostprocessing = 0;
		};
/* End PBXSourcesBuildPhase section */

/* Begin XCBuildConfiguration section */
		043CFD822B8391C300AEFAA4 /* Debug */ = {
			isa = XCBuildConfiguration;
			buildSettings = {
				ALWAYS_SEARCH_USER_PATHS = NO;
				ASSETCATALOG_COMPILER_GENERATE_SWIFT_ASSET_SYMBOL_EXTENSIONS = YES;
				CLANG_ANALYZER_NONNULL = YES;
				CLANG_ANALYZER_NUMBER_OBJECT_CONVERSION = YES_AGGRESSIVE;
				CLANG_CXX_LANGUAGE_STANDARD = "gnu++20";
				CLANG_ENABLE_MODULES = YES;
				CLANG_ENABLE_OBJC_ARC = YES;
				CLANG_ENABLE_OBJC_WEAK = YES;
				CLANG_WARN_BLOCK_CAPTURE_AUTORELEASING = YES;
				CLANG_WARN_BOOL_CONVERSION = YES;
				CLANG_WARN_COMMA = YES;
				CLANG_WARN_CONSTANT_CONVERSION = YES;
				CLANG_WARN_DEPRECATED_OBJC_IMPLEMENTATIONS = YES;
				CLANG_WARN_DIRECT_OBJC_ISA_USAGE = YES_ERROR;
				CLANG_WARN_DOCUMENTATION_COMMENTS = YES;
				CLANG_WARN_EMPTY_BODY = YES;
				CLANG_WARN_ENUM_CONVERSION = YES;
				CLANG_WARN_INFINITE_RECURSION = YES;
				CLANG_WARN_INT_CONVERSION = YES;
				CLANG_WARN_NON_LITERAL_NULL_CONVERSION = YES;
				CLANG_WARN_OBJC_IMPLICIT_RETAIN_SELF = YES;
				CLANG_WARN_OBJC_LITERAL_CONVERSION = YES;
				CLANG_WARN_OBJC_ROOT_CLASS = YES_ERROR;
				CLANG_WARN_QUOTED_INCLUDE_IN_FRAMEWORK_HEADER = YES;
				CLANG_WARN_RANGE_LOOP_ANALYSIS = YES;
				CLANG_WARN_STRICT_PROTOTYPES = YES;
				CLANG_WARN_SUSPICIOUS_MOVE = YES;
				CLANG_WARN_UNGUARDED_AVAILABILITY = YES_AGGRESSIVE;
				CLANG_WARN_UNREACHABLE_CODE = YES;
				CLANG_WARN__DUPLICATE_METHOD_MATCH = YES;
				COPY_PHASE_STRIP = NO;
				DEBUG_INFORMATION_FORMAT = dwarf;
				ENABLE_STRICT_OBJC_MSGSEND = YES;
				ENABLE_TESTABILITY = YES;
				ENABLE_USER_SCRIPT_SANDBOXING = YES;
				GCC_C_LANGUAGE_STANDARD = gnu17;
				GCC_DYNAMIC_NO_PIC = NO;
				GCC_NO_COMMON_BLOCKS = YES;
				GCC_OPTIMIZATION_LEVEL = 0;
				GCC_PREPROCESSOR_DEFINITIONS = (
					"DEBUG=1",
					"$(inherited)",
				);
				GCC_WARN_64_TO_32_BIT_CONVERSION = YES;
				GCC_WARN_ABOUT_RETURN_TYPE = YES_ERROR;
				GCC_WARN_UNDECLARED_SELECTOR = YES;
				GCC_WARN_UNINITIALIZED_AUTOS = YES_AGGRESSIVE;
				GCC_WARN_UNUSED_FUNCTION = YES;
				GCC_WARN_UNUSED_VARIABLE = YES;
				IPHONEOS_DEPLOYMENT_TARGET = 17.2;
				LOCALIZATION_PREFERS_STRING_CATALOGS = YES;
				MTL_ENABLE_DEBUG_INFO = INCLUDE_SOURCE;
				MTL_FAST_MATH = YES;
				ONLY_ACTIVE_ARCH = YES;
				SDKROOT = iphoneos;
				SWIFT_ACTIVE_COMPILATION_CONDITIONS = "DEBUG $(inherited)";
				SWIFT_OPTIMIZATION_LEVEL = "-Onone";
			};
			name = Debug;
		};
		043CFD832B8391C300AEFAA4 /* Release */ = {
			isa = XCBuildConfiguration;
			buildSettings = {
				ALWAYS_SEARCH_USER_PATHS = NO;
				ASSETCATALOG_COMPILER_GENERATE_SWIFT_ASSET_SYMBOL_EXTENSIONS = YES;
				CLANG_ANALYZER_NONNULL = YES;
				CLANG_ANALYZER_NUMBER_OBJECT_CONVERSION = YES_AGGRESSIVE;
				CLANG_CXX_LANGUAGE_STANDARD = "gnu++20";
				CLANG_ENABLE_MODULES = YES;
				CLANG_ENABLE_OBJC_ARC = YES;
				CLANG_ENABLE_OBJC_WEAK = YES;
				CLANG_WARN_BLOCK_CAPTURE_AUTORELEASING = YES;
				CLANG_WARN_BOOL_CONVERSION = YES;
				CLANG_WARN_COMMA = YES;
				CLANG_WARN_CONSTANT_CONVERSION = YES;
				CLANG_WARN_DEPRECATED_OBJC_IMPLEMENTATIONS = YES;
				CLANG_WARN_DIRECT_OBJC_ISA_USAGE = YES_ERROR;
				CLANG_WARN_DOCUMENTATION_COMMENTS = YES;
				CLANG_WARN_EMPTY_BODY = YES;
				CLANG_WARN_ENUM_CONVERSION = YES;
				CLANG_WARN_INFINITE_RECURSION = YES;
				CLANG_WARN_INT_CONVERSION = YES;
				CLANG_WARN_NON_LITERAL_NULL_CONVERSION = YES;
				CLANG_WARN_OBJC_IMPLICIT_RETAIN_SELF = YES;
				CLANG_WARN_OBJC_LITERAL_CONVERSION = YES;
				CLANG_WARN_OBJC_ROOT_CLASS = YES_ERROR;
				CLANG_WARN_QUOTED_INCLUDE_IN_FRAMEWORK_HEADER = YES;
				CLANG_WARN_RANGE_LOOP_ANALYSIS = YES;
				CLANG_WARN_STRICT_PROTOTYPES = YES;
				CLANG_WARN_SUSPICIOUS_MOVE = YES;
				CLANG_WARN_UNGUARDED_AVAILABILITY = YES_AGGRESSIVE;
				CLANG_WARN_UNREACHABLE_CODE = YES;
				CLANG_WARN__DUPLICATE_METHOD_MATCH = YES;
				COPY_PHASE_STRIP = NO;
				DEBUG_INFORMATION_FORMAT = "dwarf-with-dsym";
				ENABLE_NS_ASSERTIONS = NO;
				ENABLE_STRICT_OBJC_MSGSEND = YES;
				ENABLE_USER_SCRIPT_SANDBOXING = YES;
				GCC_C_LANGUAGE_STANDARD = gnu17;
				GCC_NO_COMMON_BLOCKS = YES;
				GCC_WARN_64_TO_32_BIT_CONVERSION = YES;
				GCC_WARN_ABOUT_RETURN_TYPE = YES_ERROR;
				GCC_WARN_UNDECLARED_SELECTOR = YES;
				GCC_WARN_UNINITIALIZED_AUTOS = YES_AGGRESSIVE;
				GCC_WARN_UNUSED_FUNCTION = YES;
				GCC_WARN_UNUSED_VARIABLE = YES;
				IPHONEOS_DEPLOYMENT_TARGET = 17.2;
				LOCALIZATION_PREFERS_STRING_CATALOGS = YES;
				MTL_ENABLE_DEBUG_INFO = NO;
				MTL_FAST_MATH = YES;
				SDKROOT = iphoneos;
				SWIFT_COMPILATION_MODE = wholemodule;
				VALIDATE_PRODUCT = YES;
			};
			name = Release;
		};
		043CFD852B8391C300AEFAA4 /* Debug */ = {
			isa = XCBuildConfiguration;
			buildSettings = {
				ASSETCATALOG_COMPILER_APPICON_NAME = AppIcon;
				ASSETCATALOG_COMPILER_GLOBAL_ACCENT_COLOR_NAME = AccentColor;
				CODE_SIGN_STYLE = Automatic;
				CURRENT_PROJECT_VERSION = 1;
				DEVELOPMENT_ASSET_PATHS = "\"DrawBatik/Preview Content\"";
				ENABLE_PREVIEWS = YES;
				GENERATE_INFOPLIST_FILE = YES;
				INFOPLIST_KEY_UIApplicationSceneManifest_Generation = YES;
				INFOPLIST_KEY_UIApplicationSupportsIndirectInputEvents = YES;
				INFOPLIST_KEY_UILaunchScreen_Generation = YES;
				INFOPLIST_KEY_UISupportedInterfaceOrientations_iPad = "UIInterfaceOrientationPortrait UIInterfaceOrientationPortraitUpsideDown UIInterfaceOrientationLandscapeLeft UIInterfaceOrientationLandscapeRight";
				INFOPLIST_KEY_UISupportedInterfaceOrientations_iPhone = "UIInterfaceOrientationPortrait UIInterfaceOrientationLandscapeLeft UIInterfaceOrientationLandscapeRight";
				LD_RUNPATH_SEARCH_PATHS = (
					"$(inherited)",
					"@executable_path/Frameworks",
				);
				MARKETING_VERSION = 1.0;
				PRODUCT_BUNDLE_IDENTIFIER = com.willyc2004.DrawBatik;
				PRODUCT_NAME = "$(TARGET_NAME)";
				SWIFT_EMIT_LOC_STRINGS = YES;
				SWIFT_VERSION = 5.0;
				TARGETED_DEVICE_FAMILY = "1,2";
			};
			name = Debug;
		};
		043CFD862B8391C300AEFAA4 /* Release */ = {
			isa = XCBuildConfiguration;
			buildSettings = {
				ASSETCATALOG_COMPILER_APPICON_NAME = AppIcon;
				ASSETCATALOG_COMPILER_GLOBAL_ACCENT_COLOR_NAME = AccentColor;
				CODE_SIGN_STYLE = Automatic;
				CURRENT_PROJECT_VERSION = 1;
				DEVELOPMENT_ASSET_PATHS = "\"DrawBatik/Preview Content\"";
				ENABLE_PREVIEWS = YES;
				GENERATE_INFOPLIST_FILE = YES;
				INFOPLIST_KEY_UIApplicationSceneManifest_Generation = YES;
				INFOPLIST_KEY_UIApplicationSupportsIndirectInputEvents = YES;
				INFOPLIST_KEY_UILaunchScreen_Generation = YES;
				INFOPLIST_KEY_UISupportedInterfaceOrientations_iPad = "UIInterfaceOrientationPortrait UIInterfaceOrientationPortraitUpsideDown UIInterfaceOrientationLandscapeLeft UIInterfaceOrientationLandscapeRight";
				INFOPLIST_KEY_UISupportedInterfaceOrientations_iPhone = "UIInterfaceOrientationPortrait UIInterfaceOrientationLandscapeLeft UIInterfaceOrientationLandscapeRight";
				LD_RUNPATH_SEARCH_PATHS = (
					"$(inherited)",
					"@executable_path/Frameworks",
				);
				MARKETING_VERSION = 1.0;
				PRODUCT_BUNDLE_IDENTIFIER = com.willyc2004.DrawBatik;
				PRODUCT_NAME = "$(TARGET_NAME)";
				SWIFT_EMIT_LOC_STRINGS = YES;
				SWIFT_VERSION = 5.0;
				TARGETED_DEVICE_FAMILY = "1,2";
			};
			name = Release;
		};
/* End XCBuildConfiguration section */

/* Begin XCConfigurationList section */
		043CFD712B8391C100AEFAA4 /* Build configuration list for PBXProject "DrawBatik" */ = {
			isa = XCConfigurationList;
			buildConfigurations = (
				043CFD822B8391C300AEFAA4 /* Debug */,
				043CFD832B8391C300AEFAA4 /* Release */,
			);
			defaultConfigurationIsVisible = 0;
			defaultConfigurationName = Release;
		};
		043CFD842B8391C300AEFAA4 /* Build configuration list for PBXNativeTarget "DrawBatik" */ = {
			isa = XCConfigurationList;
			buildConfigurations = (
				043CFD852B8391C300AEFAA4 /* Debug */,
				043CFD862B8391C300AEFAA4 /* Release */,
			);
			defaultConfigurationIsVisible = 0;
			defaultConfigurationName = Release;
		};
/* End XCConfigurationList section */
	};
	rootObject = 043CFD6E2B8391C100AEFAA4 /* Project object */;
}
